
Microsoft Visual Studio Solution File, Format Version 12.00
# Visual Studio Version 16
VisualStudioVersion = 16.0.33214.272
MinimumVisualStudioVersion = 10.0.40219.1
Project("{FAE04EC0-301F-11D3-BF4B-00C04F79EFBC}") = "TheDropCoffee", "TheDropCoffee\TheDropCoffee.csproj", "{2426C56B-C7F7-4367-A8A6-68C70C25FC5D}"
EndProject
Global
	GlobalSection(SolutionConfigurationPlatforms) = preSolution
		Debug|Any CPU = Debug|Any CPU
		Release|Any CPU = Release|Any CPU
	EndGlobalSection
	GlobalSection(ProjectConfigurationPlatforms) = postSolution
		{2426C56B-C7F7-4367-A8A6-68C70C25FC5D}.Debug|Any CPU.ActiveCfg = Debug|Any CPU
		{2426C56B-C7F7-4367-A8A6-68C70C25FC5D}.Debug|Any CPU.Build.0 = Debug|Any CPU
		{2426C56B-C7F7-4367-A8A6-68C70C25FC5D}.Release|Any CPU.ActiveCfg = Release|Any CPU
		{2426C56B-C7F7-4367-A8A6-68C70C25FC5D}.Release|Any CPU.Build.0 = Release|Any CPU
	EndGlobalSection
	GlobalSection(SolutionProperties) = preSolution
		HideSolutionNode = FALSE
	EndGlobalSection
	GlobalSection(ExtensibilityGlobals) = postSolution
		SolutionGuid = {E95C973D-D5CE-4CBF-9E59-7EDB7DC09CFB}
	EndGlobalSection
EndGlobal
